
Microsoft Visual Studio Solution File, Format Version 12.00
# Visual Studio Version 17
VisualStudioVersion = 17.8.34525.116
MinimumVisualStudioVersion = 10.0.40219.1
Project("{9A19103F-16F7-4668-BE54-9A1E7A4F7556}") = "RustyTech.Server", "rustTech.Server\RustyTech.Server.csproj", "{BF970A64-138F-4F60-B546-3178D2C9274F}"
EndProject
Project("{54A90642-561A-4BB1-A94E-469ADEE60C69}") = "rustytech.client", "rusttech.client\rustytech.client.esproj", "{5788A504-6283-487A-B26F-D9E505DDB790}"
EndProject
Global
	GlobalSection(SolutionConfigurationPlatforms) = preSolution
		Debug|Any CPU = Debug|Any CPU
		Release|Any CPU = Release|Any CPU
	EndGlobalSection
	GlobalSection(ProjectConfigurationPlatforms) = postSolution
		{BF970A64-138F-4F60-B546-3178D2C9274F}.Debug|Any CPU.ActiveCfg = Debug|Any CPU
		{BF970A64-138F-4F60-B546-3178D2C9274F}.Debug|Any CPU.Build.0 = Debug|Any CPU
		{BF970A64-138F-4F60-B546-3178D2C9274F}.Release|Any CPU.ActiveCfg = Release|Any CPU
		{BF970A64-138F-4F60-B546-3178D2C9274F}.Release|Any CPU.Build.0 = Release|Any CPU
		{5788A504-6283-487A-B26F-D9E505DDB790}.Debug|Any CPU.ActiveCfg = Debug|Any CPU
		{5788A504-6283-487A-B26F-D9E505DDB790}.Debug|Any CPU.Build.0 = Debug|Any CPU
		{5788A504-6283-487A-B26F-D9E505DDB790}.Debug|Any CPU.Deploy.0 = Debug|Any CPU
		{5788A504-6283-487A-B26F-D9E505DDB790}.Release|Any CPU.ActiveCfg = Release|Any CPU
		{5788A504-6283-487A-B26F-D9E505DDB790}.Release|Any CPU.Build.0 = Release|Any CPU
		{5788A504-6283-487A-B26F-D9E505DDB790}.Release|Any CPU.Deploy.0 = Release|Any CPU
	EndGlobalSection
	GlobalSection(SolutionProperties) = preSolution
		HideSolutionNode = FALSE
	EndGlobalSection
	GlobalSection(ExtensibilityGlobals) = postSolution
		SolutionGuid = {C924D63D-AAB8-456E-8728-CAB6FC8A1E29}
	EndGlobalSection
EndGlobal
