
Microsoft Visual Studio Solution File, Format Version 12.00
# Visual Studio Version 17
VisualStudioVersion = 17.8.34525.116
MinimumVisualStudioVersion = 10.0.40219.1
Project("{9A19103F-16F7-4668-BE54-9A1E7A4F7556}") = "RustyTech.Server", "RustyTech.Server\RustyTech.Server.csproj", "{DC44BB42-0C0E-4794-AA2B-5219EF0DF397}"
EndProject
Project("{54A90642-561A-4BB1-A94E-469ADEE60C69}") = "RustyTech.Client", "rustytech.client\RustyTech.Client.esproj", "{FF2672FE-ED11-45B1-8F24-1F9A759AAF5B}"
EndProject
Global
	GlobalSection(SolutionConfigurationPlatforms) = preSolution
		Debug|Any CPU = Debug|Any CPU
		Release|Any CPU = Release|Any CPU
	EndGlobalSection
	GlobalSection(ProjectConfigurationPlatforms) = postSolution
		{DC44BB42-0C0E-4794-AA2B-5219EF0DF397}.Debug|Any CPU.ActiveCfg = Debug|Any CPU
		{DC44BB42-0C0E-4794-AA2B-5219EF0DF397}.Debug|Any CPU.Build.0 = Debug|Any CPU
		{DC44BB42-0C0E-4794-AA2B-5219EF0DF397}.Release|Any CPU.ActiveCfg = Release|Any CPU
		{DC44BB42-0C0E-4794-AA2B-5219EF0DF397}.Release|Any CPU.Build.0 = Release|Any CPU
		{FF2672FE-ED11-45B1-8F24-1F9A759AAF5B}.Debug|Any CPU.ActiveCfg = Debug|Any CPU
		{FF2672FE-ED11-45B1-8F24-1F9A759AAF5B}.Debug|Any CPU.Build.0 = Debug|Any CPU
		{FF2672FE-ED11-45B1-8F24-1F9A759AAF5B}.Debug|Any CPU.Deploy.0 = Debug|Any CPU
		{FF2672FE-ED11-45B1-8F24-1F9A759AAF5B}.Release|Any CPU.ActiveCfg = Release|Any CPU
		{FF2672FE-ED11-45B1-8F24-1F9A759AAF5B}.Release|Any CPU.Build.0 = Release|Any CPU
		{FF2672FE-ED11-45B1-8F24-1F9A759AAF5B}.Release|Any CPU.Deploy.0 = Release|Any CPU
	EndGlobalSection
	GlobalSection(SolutionProperties) = preSolution
		HideSolutionNode = FALSE
	EndGlobalSection
	GlobalSection(ExtensibilityGlobals) = postSolution
		SolutionGuid = {C924D63D-AAB8-456E-8728-CAB6FC8A1E29}
	EndGlobalSection
EndGlobal
